
Microsoft Visual Studio Solution File, Format Version 11.00
# Visual Studio 2010
Project("{FAE04EC0-301F-11D3-BF4B-00C04F79EFBC}") = "Assembly-CSharp", "Assembly-CSharp.csproj", "{1A237B0B-9DEE-E4E8-D5BC-2AC67A08223C}"
EndProject
Project("{FAE04EC0-301F-11D3-BF4B-00C04F79EFBC}") = "Assembly-CSharp-Editor", "Assembly-CSharp-Editor.csproj", "{A1AE9B86-4D2D-EC1E-B4C7-9230A00D4B16}"
EndProject
Global
	GlobalSection(SolutionConfigurationPlatforms) = preSolution
		Debug|Any CPU = Debug|Any CPU
		Release|Any CPU = Release|Any CPU
	EndGlobalSection
	GlobalSection(ProjectConfigurationPlatforms) = postSolution
		{1A237B0B-9DEE-E4E8-D5BC-2AC67A08223C}.Debug|Any CPU.ActiveCfg = Debug|Any CPU
		{1A237B0B-9DEE-E4E8-D5BC-2AC67A08223C}.Debug|Any CPU.Build.0 = Debug|Any CPU
		{1A237B0B-9DEE-E4E8-D5BC-2AC67A08223C}.Release|Any CPU.ActiveCfg = Release|Any CPU
		{1A237B0B-9DEE-E4E8-D5BC-2AC67A08223C}.Release|Any CPU.Build.0 = Release|Any CPU
		{A1AE9B86-4D2D-EC1E-B4C7-9230A00D4B16}.Debug|Any CPU.ActiveCfg = Debug|Any CPU
		{A1AE9B86-4D2D-EC1E-B4C7-9230A00D4B16}.Debug|Any CPU.Build.0 = Debug|Any CPU
		{A1AE9B86-4D2D-EC1E-B4C7-9230A00D4B16}.Release|Any CPU.ActiveCfg = Release|Any CPU
		{A1AE9B86-4D2D-EC1E-B4C7-9230A00D4B16}.Release|Any CPU.Build.0 = Release|Any CPU
	EndGlobalSection
	GlobalSection(SolutionProperties) = preSolution
		HideSolutionNode = FALSE
	EndGlobalSection
EndGlobal
