Microsoft Visual Studio Solution File, Format Version 11.00
# Visual Studio 2010
Project("{FAE04EC0-301F-11D3-BF4B-00C04F79EFBC}") = "Assembly-CSharp", "Assembly-CSharp.csproj", "{2B96F63F-776D-EC4C-666E-F56385D50530}"
EndProject
Project("{FAE04EC0-301F-11D3-BF4B-00C04F79EFBC}") = "Assembly-CSharp-Editor", "Assembly-CSharp-Editor.csproj", "{4550296B-9A13-0410-76E8-C11EB348DB22}"
EndProject
Global
	GlobalSection(SolutionConfigurationPlatforms) = preSolution
		Debug|Any CPU = Debug|Any CPU
		Release|Any CPU = Release|Any CPU
	EndGlobalSection
	GlobalSection(ProjectConfigurationPlatforms) = postSolution
		{2B96F63F-776D-EC4C-666E-F56385D50530}.Debug|Any CPU.ActiveCfg = Debug|Any CPU
		{2B96F63F-776D-EC4C-666E-F56385D50530}.Debug|Any CPU.Build.0 = Debug|Any CPU
		{2B96F63F-776D-EC4C-666E-F56385D50530}.Release|Any CPU.ActiveCfg = Release|Any CPU
		{2B96F63F-776D-EC4C-666E-F56385D50530}.Release|Any CPU.Build.0 = Release|Any CPU
		{4550296B-9A13-0410-76E8-C11EB348DB22}.Debug|Any CPU.ActiveCfg = Debug|Any CPU
		{4550296B-9A13-0410-76E8-C11EB348DB22}.Debug|Any CPU.Build.0 = Debug|Any CPU
		{4550296B-9A13-0410-76E8-C11EB348DB22}.Release|Any CPU.ActiveCfg = Release|Any CPU
		{4550296B-9A13-0410-76E8-C11EB348DB22}.Release|Any CPU.Build.0 = Release|Any CPU
	EndGlobalSection
	GlobalSection(SolutionProperties) = preSolution
		HideSolutionNode = FALSE
	EndGlobalSection
	GlobalSection(MonoDevelopProperties) = preSolution
		StartupItem = Assembly-CSharp.csproj
	EndGlobalSection
EndGlobal
