Microsoft Visual Studio Solution File, Format Version 11.00
# Visual Studio 2010
Project("{FAE04EC0-301F-11D3-BF4B-00C04F79EFBC}") = "Assembly-CSharp", "Assembly-CSharp.csproj", "{8D0FFF5B-769C-0BE7-EC6A-3F1F5D537604}"
EndProject
Project("{FAE04EC0-301F-11D3-BF4B-00C04F79EFBC}") = "Assembly-CSharp-Editor", "Assembly-CSharp-Editor.csproj", "{3F707307-1826-D733-7052-4B27703FC859}"
EndProject
Global
	GlobalSection(SolutionConfigurationPlatforms) = preSolution
		Debug|Any CPU = Debug|Any CPU
		Release|Any CPU = Release|Any CPU
	EndGlobalSection
	GlobalSection(ProjectConfigurationPlatforms) = postSolution
		{8D0FFF5B-769C-0BE7-EC6A-3F1F5D537604}.Debug|Any CPU.ActiveCfg = Debug|Any CPU
		{8D0FFF5B-769C-0BE7-EC6A-3F1F5D537604}.Debug|Any CPU.Build.0 = Debug|Any CPU
		{8D0FFF5B-769C-0BE7-EC6A-3F1F5D537604}.Release|Any CPU.ActiveCfg = Release|Any CPU
		{8D0FFF5B-769C-0BE7-EC6A-3F1F5D537604}.Release|Any CPU.Build.0 = Release|Any CPU
		{3F707307-1826-D733-7052-4B27703FC859}.Debug|Any CPU.ActiveCfg = Debug|Any CPU
		{3F707307-1826-D733-7052-4B27703FC859}.Debug|Any CPU.Build.0 = Debug|Any CPU
		{3F707307-1826-D733-7052-4B27703FC859}.Release|Any CPU.ActiveCfg = Release|Any CPU
		{3F707307-1826-D733-7052-4B27703FC859}.Release|Any CPU.Build.0 = Release|Any CPU
	EndGlobalSection
	GlobalSection(SolutionProperties) = preSolution
		HideSolutionNode = FALSE
	EndGlobalSection
	GlobalSection(MonoDevelopProperties) = preSolution
		StartupItem = Assembly-CSharp.csproj
	EndGlobalSection
EndGlobal
